
Microsoft Visual Studio Solution File, Format Version 12.00
# Visual Studio Version 16
VisualStudioVersion = 16.0.32802.440
MinimumVisualStudioVersion = 10.0.40219.1
Project("{FAE04EC0-301F-11D3-BF4B-00C04F79EFBC}") = "Reminder and Note Taking Application", "Reminder and Note Taking Application\Reminder and Note Taking Application.csproj", "{4171D783-9A54-4A1C-99BE-EB3792DE813B}"
EndProject
Global
	GlobalSection(SolutionConfigurationPlatforms) = preSolution
		Debug|Any CPU = Debug|Any CPU
		Release|Any CPU = Release|Any CPU
	EndGlobalSection
	GlobalSection(ProjectConfigurationPlatforms) = postSolution
		{4171D783-9A54-4A1C-99BE-EB3792DE813B}.Debug|Any CPU.ActiveCfg = Debug|Any CPU
		{4171D783-9A54-4A1C-99BE-EB3792DE813B}.Debug|Any CPU.Build.0 = Debug|Any CPU
		{4171D783-9A54-4A1C-99BE-EB3792DE813B}.Release|Any CPU.ActiveCfg = Release|Any CPU
		{4171D783-9A54-4A1C-99BE-EB3792DE813B}.Release|Any CPU.Build.0 = Release|Any CPU
	EndGlobalSection
	GlobalSection(SolutionProperties) = preSolution
		HideSolutionNode = FALSE
	EndGlobalSection
	GlobalSection(ExtensibilityGlobals) = postSolution
		SolutionGuid = {0E7A8E07-AD1E-4976-9C2B-D6CA7EFD60FA}
	EndGlobalSection
EndGlobal
